// !$*UTF8*$!
{
	archiveVersion = 1;
	classes = {
	};
	objectVersion = 51;
	objects = {

/* Begin PBXBuildFile section */
		6A47D293234817B700277F99 /* APIResponses.swift in Sources */ = {isa = PBXBuildFile; fileRef = 6A47D292234817B700277F99 /* APIResponses.swift */; };
		6A8AAFFA2343648C005A5C02 /* AppDelegate.swift in Sources */ = {isa = PBXBuildFile; fileRef = 6A8AAFF92343648C005A5C02 /* AppDelegate.swift */; };
		6A8AB0012343648E005A5C02 /* Assets.xcassets in Resources */ = {isa = PBXBuildFile; fileRef = 6A8AB0002343648E005A5C02 /* Assets.xcassets */; };
		6A8AB0042343648E005A5C02 /* LaunchScreen.storyboard in Resources */ = {isa = PBXBuildFile; fileRef = 6A8AB0022343648E005A5C02 /* LaunchScreen.storyboard */; };
		6A8AB00F2343648E005A5C02 /* StarWarsTests.swift in Sources */ = {isa = PBXBuildFile; fileRef = 6A8AB00E2343648E005A5C02 /* StarWarsTests.swift */; };
		70386DD724D9E6A4003F0768 /* CategoryManager.swift in Sources */ = {isa = PBXBuildFile; fileRef = 70386DC124D9E6A4003F0768 /* CategoryManager.swift */; };
		70386DD824D9E6A4003F0768 /* CategoryModel.swift in Sources */ = {isa = PBXBuildFile; fileRef = 70386DC224D9E6A4003F0768 /* CategoryModel.swift */; };
		70386DD924D9E6A4003F0768 /* CategoryViewModel.swift in Sources */ = {isa = PBXBuildFile; fileRef = 70386DC324D9E6A4003F0768 /* CategoryViewModel.swift */; };
		70386DDA24D9E6A4003F0768 /* CategoryTableViewCell.swift in Sources */ = {isa = PBXBuildFile; fileRef = 70386DC624D9E6A4003F0768 /* CategoryTableViewCell.swift */; };
		70386DDB24D9E6A4003F0768 /* CategoryTableViewCell.xib in Resources */ = {isa = PBXBuildFile; fileRef = 70386DC724D9E6A4003F0768 /* CategoryTableViewCell.xib */; };
		70386DDC24D9E6A4003F0768 /* CategoryModule.swift in Sources */ = {isa = PBXBuildFile; fileRef = 70386DC824D9E6A4003F0768 /* CategoryModule.swift */; };
		70386DDD24D9E6A4003F0768 /* CategoryViewController.swift in Sources */ = {isa = PBXBuildFile; fileRef = 70386DC924D9E6A4003F0768 /* CategoryViewController.swift */; };
		70386DDE24D9E6A4003F0768 /* CategoryRouter.swift in Sources */ = {isa = PBXBuildFile; fileRef = 70386DCA24D9E6A4003F0768 /* CategoryRouter.swift */; };
		70386DDF24D9E6A4003F0768 /* CategoryViewController.xib in Resources */ = {isa = PBXBuildFile; fileRef = 70386DCB24D9E6A4003F0768 /* CategoryViewController.xib */; };
		70386DE024D9E6A4003F0768 /* HomeViewModel.swift in Sources */ = {isa = PBXBuildFile; fileRef = 70386DCD24D9E6A4003F0768 /* HomeViewModel.swift */; };
		70386DE124D9E6A4003F0768 /* HomeViewController.xib in Resources */ = {isa = PBXBuildFile; fileRef = 70386DCE24D9E6A4003F0768 /* HomeViewController.xib */; };
		70386DE224D9E6A4003F0768 /* HomeViewController.swift in Sources */ = {isa = PBXBuildFile; fileRef = 70386DCF24D9E6A4003F0768 /* HomeViewController.swift */; };
		70386DE324D9E6A4003F0768 /* HomeTableViewCell.swift in Sources */ = {isa = PBXBuildFile; fileRef = 70386DD124D9E6A4003F0768 /* HomeTableViewCell.swift */; };
		70386DE424D9E6A4003F0768 /* HomeTableViewCell.xib in Resources */ = {isa = PBXBuildFile; fileRef = 70386DD224D9E6A4003F0768 /* HomeTableViewCell.xib */; };
		70386DE524D9E6A4003F0768 /* HomeRouter.swift in Sources */ = {isa = PBXBuildFile; fileRef = 70386DD324D9E6A4003F0768 /* HomeRouter.swift */; };
		70386DE824D9E6A4003F0768 /* HomeModule.swift in Sources */ = {isa = PBXBuildFile; fileRef = 70386DD624D9E6A4003F0768 /* HomeModule.swift */; };
		70386DEB24D9E6EE003F0768 /* ApiServices.swift in Sources */ = {isa = PBXBuildFile; fileRef = 70386DEA24D9E6EE003F0768 /* ApiServices.swift */; };
		70386DF024D9E717003F0768 /* Extension+Bundle.swift in Sources */ = {isa = PBXBuildFile; fileRef = 70386DED24D9E717003F0768 /* Extension+Bundle.swift */; };
		70386DF124D9E717003F0768 /* Extension+UIViewController.swift in Sources */ = {isa = PBXBuildFile; fileRef = 70386DEE24D9E717003F0768 /* Extension+UIViewController.swift */; };
		70386DF224D9E717003F0768 /* Extension+UIApplication.swift in Sources */ = {isa = PBXBuildFile; fileRef = 70386DEF24D9E717003F0768 /* Extension+UIApplication.swift */; };
		70386DF724D9E724003F0768 /* BaseAppRouter.swift in Sources */ = {isa = PBXBuildFile; fileRef = 70386DF424D9E724003F0768 /* BaseAppRouter.swift */; };
		70386DF824D9E724003F0768 /* AppRoute.swift in Sources */ = {isa = PBXBuildFile; fileRef = 70386DF524D9E724003F0768 /* AppRoute.swift */; };
		70386DF924D9E724003F0768 /* Module.swift in Sources */ = {isa = PBXBuildFile; fileRef = 70386DF624D9E724003F0768 /* Module.swift */; };
		70386E0824D9E787003F0768 /* SpeciesEntityResults.swift in Sources */ = {isa = PBXBuildFile; fileRef = 70386DFB24D9E787003F0768 /* SpeciesEntityResults.swift */; };
		70386E0924D9E787003F0768 /* VehicleEntityResults.swift in Sources */ = {isa = PBXBuildFile; fileRef = 70386DFD24D9E787003F0768 /* VehicleEntityResults.swift */; };
		70386E0A24D9E787003F0768 /* BaseEntity.swift in Sources */ = {isa = PBXBuildFile; fileRef = 70386DFE24D9E787003F0768 /* BaseEntity.swift */; };
		70386E0B24D9E787003F0768 /* StarshipEntityResults.swift in Sources */ = {isa = PBXBuildFile; fileRef = 70386E0024D9E787003F0768 /* StarshipEntityResults.swift */; };
		70386E0C24D9E787003F0768 /* Category.swift in Sources */ = {isa = PBXBuildFile; fileRef = 70386E0124D9E787003F0768 /* Category.swift */; };
		70386E0D24D9E787003F0768 /* FilmEntityResults.swift in Sources */ = {isa = PBXBuildFile; fileRef = 70386E0324D9E787003F0768 /* FilmEntityResults.swift */; };
		70386E0E24D9E787003F0768 /* PeopleEntityResults.swift in Sources */ = {isa = PBXBuildFile; fileRef = 70386E0524D9E787003F0768 /* PeopleEntityResults.swift */; };
		70386E0F24D9E787003F0768 /* PlanetEntityResults.swift in Sources */ = {isa = PBXBuildFile; fileRef = 70386E0724D9E787003F0768 /* PlanetEntityResults.swift */; };
		70386E1224D9E7B8003F0768 /* AllProduct.swift in Sources */ = {isa = PBXBuildFile; fileRef = 70386E1124D9E7B8003F0768 /* AllProduct.swift */; };
		890D67F1B476EEBD81D957A6 /* Pods_StarWars.framework in Frameworks */ = {isa = PBXBuildFile; fileRef = B45BCA5D93F184F6E4C42E78 /* Pods_StarWars.framework */; };
		9451B58CA8AE0955EC53AE85 /* Pods_StarWarsTests.framework in Frameworks */ = {isa = PBXBuildFile; fileRef = C9CF943C81809CA8AA951B21 /* Pods_StarWarsTests.framework */; };
/* End PBXBuildFile section */

/* Begin PBXContainerItemProxy section */
		6A8AB00B2343648E005A5C02 /* PBXContainerItemProxy */ = {
			isa = PBXContainerItemProxy;
			containerPortal = 6A8AAFEE2343648C005A5C02 /* Project object */;
			proxyType = 1;
			remoteGlobalIDString = 6A8AAFF52343648C005A5C02;
			remoteInfo = StarWars;
		};
/* End PBXContainerItemProxy section */

/* Begin PBXFileReference section */
		07126E6ADF1ADFDD7F78E309 /* Pods-StarWarsTests.release.xcconfig */ = {isa = PBXFileReference; includeInIndex = 1; lastKnownFileType = text.xcconfig; name = "Pods-StarWarsTests.release.xcconfig"; path = "Target Support Files/Pods-StarWarsTests/Pods-StarWarsTests.release.xcconfig"; sourceTree = "<group>"; };
		075E9CA3C266104EED5229AA /* Pods-StarWarsTests.debug.xcconfig */ = {isa = PBXFileReference; includeInIndex = 1; lastKnownFileType = text.xcconfig; name = "Pods-StarWarsTests.debug.xcconfig"; path = "Target Support Files/Pods-StarWarsTests/Pods-StarWarsTests.debug.xcconfig"; sourceTree = "<group>"; };
		07631A5582372EBF6A00429E /* Pods-StarWars.release.xcconfig */ = {isa = PBXFileReference; includeInIndex = 1; lastKnownFileType = text.xcconfig; name = "Pods-StarWars.release.xcconfig"; path = "Target Support Files/Pods-StarWars/Pods-StarWars.release.xcconfig"; sourceTree = "<group>"; };
		6A47D292234817B700277F99 /* APIResponses.swift */ = {isa = PBXFileReference; lastKnownFileType = sourcecode.swift; path = APIResponses.swift; sourceTree = "<group>"; };
		6A8AAFF62343648C005A5C02 /* StarWars.app */ = {isa = PBXFileReference; explicitFileType = wrapper.application; includeInIndex = 0; path = StarWars.app; sourceTree = BUILT_PRODUCTS_DIR; };
		6A8AAFF92343648C005A5C02 /* AppDelegate.swift */ = {isa = PBXFileReference; lastKnownFileType = sourcecode.swift; path = AppDelegate.swift; sourceTree = "<group>"; };
		6A8AB0002343648E005A5C02 /* Assets.xcassets */ = {isa = PBXFileReference; lastKnownFileType = folder.assetcatalog; path = Assets.xcassets; sourceTree = "<group>"; };
		6A8AB0032343648E005A5C02 /* Base */ = {isa = PBXFileReference; lastKnownFileType = file.storyboard; name = Base; path = Base.lproj/LaunchScreen.storyboard; sourceTree = "<group>"; };
		6A8AB0052343648E005A5C02 /* Info.plist */ = {isa = PBXFileReference; lastKnownFileType = text.plist.xml; path = Info.plist; sourceTree = "<group>"; };
		6A8AB00A2343648E005A5C02 /* StarWarsTests.xctest */ = {isa = PBXFileReference; explicitFileType = wrapper.cfbundle; includeInIndex = 0; path = StarWarsTests.xctest; sourceTree = BUILT_PRODUCTS_DIR; };
		6A8AB00E2343648E005A5C02 /* StarWarsTests.swift */ = {isa = PBXFileReference; lastKnownFileType = sourcecode.swift; path = StarWarsTests.swift; sourceTree = "<group>"; };
		6A8AB0102343648E005A5C02 /* Info.plist */ = {isa = PBXFileReference; lastKnownFileType = text.plist.xml; path = Info.plist; sourceTree = "<group>"; };
		70386DC124D9E6A4003F0768 /* CategoryManager.swift */ = {isa = PBXFileReference; fileEncoding = 4; lastKnownFileType = sourcecode.swift; path = CategoryManager.swift; sourceTree = "<group>"; };
		70386DC224D9E6A4003F0768 /* CategoryModel.swift */ = {isa = PBXFileReference; fileEncoding = 4; lastKnownFileType = sourcecode.swift; path = CategoryModel.swift; sourceTree = "<group>"; };
		70386DC324D9E6A4003F0768 /* CategoryViewModel.swift */ = {isa = PBXFileReference; fileEncoding = 4; lastKnownFileType = sourcecode.swift; path = CategoryViewModel.swift; sourceTree = "<group>"; };
		70386DC624D9E6A4003F0768 /* CategoryTableViewCell.swift */ = {isa = PBXFileReference; fileEncoding = 4; lastKnownFileType = sourcecode.swift; path = CategoryTableViewCell.swift; sourceTree = "<group>"; };
		70386DC724D9E6A4003F0768 /* CategoryTableViewCell.xib */ = {isa = PBXFileReference; fileEncoding = 4; lastKnownFileType = file.xib; path = CategoryTableViewCell.xib; sourceTree = "<group>"; };
		70386DC824D9E6A4003F0768 /* CategoryModule.swift */ = {isa = PBXFileReference; fileEncoding = 4; lastKnownFileType = sourcecode.swift; path = CategoryModule.swift; sourceTree = "<group>"; };
		70386DC924D9E6A4003F0768 /* CategoryViewController.swift */ = {isa = PBXFileReference; fileEncoding = 4; lastKnownFileType = sourcecode.swift; path = CategoryViewController.swift; sourceTree = "<group>"; };
		70386DCA24D9E6A4003F0768 /* CategoryRouter.swift */ = {isa = PBXFileReference; fileEncoding = 4; lastKnownFileType = sourcecode.swift; path = CategoryRouter.swift; sourceTree = "<group>"; };
		70386DCB24D9E6A4003F0768 /* CategoryViewController.xib */ = {isa = PBXFileReference; fileEncoding = 4; lastKnownFileType = file.xib; path = CategoryViewController.xib; sourceTree = "<group>"; };
		70386DCD24D9E6A4003F0768 /* HomeViewModel.swift */ = {isa = PBXFileReference; fileEncoding = 4; lastKnownFileType = sourcecode.swift; path = HomeViewModel.swift; sourceTree = "<group>"; };
		70386DCE24D9E6A4003F0768 /* HomeViewController.xib */ = {isa = PBXFileReference; fileEncoding = 4; lastKnownFileType = file.xib; path = HomeViewController.xib; sourceTree = "<group>"; };
		70386DCF24D9E6A4003F0768 /* HomeViewController.swift */ = {isa = PBXFileReference; fileEncoding = 4; lastKnownFileType = sourcecode.swift; path = HomeViewController.swift; sourceTree = "<group>"; };
		70386DD124D9E6A4003F0768 /* HomeTableViewCell.swift */ = {isa = PBXFileReference; fileEncoding = 4; lastKnownFileType = sourcecode.swift; path = HomeTableViewCell.swift; sourceTree = "<group>"; };
		70386DD224D9E6A4003F0768 /* HomeTableViewCell.xib */ = {isa = PBXFileReference; fileEncoding = 4; lastKnownFileType = file.xib; path = HomeTableViewCell.xib; sourceTree = "<group>"; };
		70386DD324D9E6A4003F0768 /* HomeRouter.swift */ = {isa = PBXFileReference; fileEncoding = 4; lastKnownFileType = sourcecode.swift; path = HomeRouter.swift; sourceTree = "<group>"; };
		70386DD624D9E6A4003F0768 /* HomeModule.swift */ = {isa = PBXFileReference; fileEncoding = 4; lastKnownFileType = sourcecode.swift; path = HomeModule.swift; sourceTree = "<group>"; };
		70386DEA24D9E6EE003F0768 /* ApiServices.swift */ = {isa = PBXFileReference; fileEncoding = 4; lastKnownFileType = sourcecode.swift; path = ApiServices.swift; sourceTree = "<group>"; };
		70386DED24D9E717003F0768 /* Extension+Bundle.swift */ = {isa = PBXFileReference; fileEncoding = 4; lastKnownFileType = sourcecode.swift; path = "Extension+Bundle.swift"; sourceTree = "<group>"; };
		70386DEE24D9E717003F0768 /* Extension+UIViewController.swift */ = {isa = PBXFileReference; fileEncoding = 4; lastKnownFileType = sourcecode.swift; path = "Extension+UIViewController.swift"; sourceTree = "<group>"; };
		70386DEF24D9E717003F0768 /* Extension+UIApplication.swift */ = {isa = PBXFileReference; fileEncoding = 4; lastKnownFileType = sourcecode.swift; path = "Extension+UIApplication.swift"; sourceTree = "<group>"; };
		70386DF424D9E724003F0768 /* BaseAppRouter.swift */ = {isa = PBXFileReference; fileEncoding = 4; lastKnownFileType = sourcecode.swift; path = BaseAppRouter.swift; sourceTree = "<group>"; };
		70386DF524D9E724003F0768 /* AppRoute.swift */ = {isa = PBXFileReference; fileEncoding = 4; lastKnownFileType = sourcecode.swift; path = AppRoute.swift; sourceTree = "<group>"; };
		70386DF624D9E724003F0768 /* Module.swift */ = {isa = PBXFileReference; fileEncoding = 4; lastKnownFileType = sourcecode.swift; path = Module.swift; sourceTree = "<group>"; };
		70386DFB24D9E787003F0768 /* SpeciesEntityResults.swift */ = {isa = PBXFileReference; fileEncoding = 4; lastKnownFileType = sourcecode.swift; path = SpeciesEntityResults.swift; sourceTree = "<group>"; };
		70386DFD24D9E787003F0768 /* VehicleEntityResults.swift */ = {isa = PBXFileReference; fileEncoding = 4; lastKnownFileType = sourcecode.swift; path = VehicleEntityResults.swift; sourceTree = "<group>"; };
		70386DFE24D9E787003F0768 /* BaseEntity.swift */ = {isa = PBXFileReference; fileEncoding = 4; lastKnownFileType = sourcecode.swift; path = BaseEntity.swift; sourceTree = "<group>"; };
		70386E0024D9E787003F0768 /* StarshipEntityResults.swift */ = {isa = PBXFileReference; fileEncoding = 4; lastKnownFileType = sourcecode.swift; path = StarshipEntityResults.swift; sourceTree = "<group>"; };
		70386E0124D9E787003F0768 /* Category.swift */ = {isa = PBXFileReference; fileEncoding = 4; lastKnownFileType = sourcecode.swift; path = Category.swift; sourceTree = "<group>"; };
		70386E0324D9E787003F0768 /* FilmEntityResults.swift */ = {isa = PBXFileReference; fileEncoding = 4; lastKnownFileType = sourcecode.swift; path = FilmEntityResults.swift; sourceTree = "<group>"; };
		70386E0524D9E787003F0768 /* PeopleEntityResults.swift */ = {isa = PBXFileReference; fileEncoding = 4; lastKnownFileType = sourcecode.swift; path = PeopleEntityResults.swift; sourceTree = "<group>"; };
		70386E0724D9E787003F0768 /* PlanetEntityResults.swift */ = {isa = PBXFileReference; fileEncoding = 4; lastKnownFileType = sourcecode.swift; path = PlanetEntityResults.swift; sourceTree = "<group>"; };
		70386E1124D9E7B8003F0768 /* AllProduct.swift */ = {isa = PBXFileReference; fileEncoding = 4; lastKnownFileType = sourcecode.swift; path = AllProduct.swift; sourceTree = "<group>"; };
		B45BCA5D93F184F6E4C42E78 /* Pods_StarWars.framework */ = {isa = PBXFileReference; explicitFileType = wrapper.framework; includeInIndex = 0; path = Pods_StarWars.framework; sourceTree = BUILT_PRODUCTS_DIR; };
		C9CF943C81809CA8AA951B21 /* Pods_StarWarsTests.framework */ = {isa = PBXFileReference; explicitFileType = wrapper.framework; includeInIndex = 0; path = Pods_StarWarsTests.framework; sourceTree = BUILT_PRODUCTS_DIR; };
		FFE5ECB43C1264B2D35950C5 /* Pods-StarWars.debug.xcconfig */ = {isa = PBXFileReference; includeInIndex = 1; lastKnownFileType = text.xcconfig; name = "Pods-StarWars.debug.xcconfig"; path = "Target Support Files/Pods-StarWars/Pods-StarWars.debug.xcconfig"; sourceTree = "<group>"; };
/* End PBXFileReference section */

/* Begin PBXFrameworksBuildPhase section */
		6A8AAFF32343648C005A5C02 /* Frameworks */ = {
			isa = PBXFrameworksBuildPhase;
			buildActionMask = 2147483647;
			files = (
				890D67F1B476EEBD81D957A6 /* Pods_StarWars.framework in Frameworks */,
			);
			runOnlyForDeploymentPostprocessing = 0;
		};
		6A8AB0072343648E005A5C02 /* Frameworks */ = {
			isa = PBXFrameworksBuildPhase;
			buildActionMask = 2147483647;
			files = (
				9451B58CA8AE0955EC53AE85 /* Pods_StarWarsTests.framework in Frameworks */,
			);
			runOnlyForDeploymentPostprocessing = 0;
		};
/* End PBXFrameworksBuildPhase section */

/* Begin PBXGroup section */
		3393A3E09E5C2B40F568D8F8 /* Frameworks */ = {
			isa = PBXGroup;
			children = (
				B45BCA5D93F184F6E4C42E78 /* Pods_StarWars.framework */,
				C9CF943C81809CA8AA951B21 /* Pods_StarWarsTests.framework */,
			);
			name = Frameworks;
			sourceTree = "<group>";
		};
		6A8AAFED2343648C005A5C02 = {
			isa = PBXGroup;
			children = (
				6A8AAFF82343648C005A5C02 /* StarWars */,
				6A8AB00D2343648E005A5C02 /* StarWarsTests */,
				6A8AAFF72343648C005A5C02 /* Products */,
				7A91F55BF6082F03D655E205 /* Pods */,
				3393A3E09E5C2B40F568D8F8 /* Frameworks */,
			);
			sourceTree = "<group>";
		};
		6A8AAFF72343648C005A5C02 /* Products */ = {
			isa = PBXGroup;
			children = (
				6A8AAFF62343648C005A5C02 /* StarWars.app */,
				6A8AB00A2343648E005A5C02 /* StarWarsTests.xctest */,
			);
			name = Products;
			sourceTree = "<group>";
		};
		6A8AAFF82343648C005A5C02 /* StarWars */ = {
			isa = PBXGroup;
			children = (
				70386DBB24D9E65D003F0768 /* Apps */,
				6A8AAFF92343648C005A5C02 /* AppDelegate.swift */,
				6A8AB0002343648E005A5C02 /* Assets.xcassets */,
				6A8AB0022343648E005A5C02 /* LaunchScreen.storyboard */,
				6A8AB0052343648E005A5C02 /* Info.plist */,
			);
			path = StarWars;
			sourceTree = "<group>";
		};
		6A8AB00D2343648E005A5C02 /* StarWarsTests */ = {
			isa = PBXGroup;
			children = (
				6A8AB00E2343648E005A5C02 /* StarWarsTests.swift */,
				6A8AB0102343648E005A5C02 /* Info.plist */,
			);
			path = StarWarsTests;
			sourceTree = "<group>";
		};
		6A8AB01E2344292A005A5C02 /* Models */ = {
			isa = PBXGroup;
			children = (
				70386DFE24D9E787003F0768 /* BaseEntity.swift */,
				70386E0124D9E787003F0768 /* Category.swift */,
				70386E0224D9E787003F0768 /* Film */,
				70386E0424D9E787003F0768 /* People */,
				70386E0624D9E787003F0768 /* Planet */,
				70386DFA24D9E787003F0768 /* Species */,
				70386DFF24D9E787003F0768 /* Starship */,
				70386DFC24D9E787003F0768 /* Vehicle */,
				6A47D292234817B700277F99 /* APIResponses.swift */,
			);
			path = Models;
			sourceTree = "<group>";
		};
		70386DBB24D9E65D003F0768 /* Apps */ = {
			isa = PBXGroup;
			children = (
				70386DBC24D9E663003F0768 /* Common */,
				70386DBD24D9E66A003F0768 /* Modules */,
			);
			path = Apps;
			sourceTree = "<group>";
		};
		70386DBC24D9E663003F0768 /* Common */ = {
			isa = PBXGroup;
			children = (
				70386DF324D9E724003F0768 /* AppRouter */,
				70386DEC24D9E717003F0768 /* Extensions */,
				6A8AB01E2344292A005A5C02 /* Models */,
				70386E1024D9E7B8003F0768 /* Products */,
				70386DE924D9E6EE003F0768 /* Services */,
			);
			path = Common;
			sourceTree = "<group>";
		};
		70386DBD24D9E66A003F0768 /* Modules */ = {
			isa = PBXGroup;
			children = (
				70386DC024D9E6A4003F0768 /* Category */,
				70386DCC24D9E6A4003F0768 /* Home */,
			);
			path = Modules;
			sourceTree = "<group>";
		};
		70386DC024D9E6A4003F0768 /* Category */ = {
			isa = PBXGroup;
			children = (
				70386DC124D9E6A4003F0768 /* CategoryManager.swift */,
				70386DC224D9E6A4003F0768 /* CategoryModel.swift */,
				70386DC824D9E6A4003F0768 /* CategoryModule.swift */,
				70386DCA24D9E6A4003F0768 /* CategoryRouter.swift */,
				70386DC924D9E6A4003F0768 /* CategoryViewController.swift */,
				70386DCB24D9E6A4003F0768 /* CategoryViewController.xib */,
				70386DC324D9E6A4003F0768 /* CategoryViewModel.swift */,
				70386DC424D9E6A4003F0768 /* Subviews */,
			);
			path = Category;
			sourceTree = "<group>";
		};
		70386DC424D9E6A4003F0768 /* Subviews */ = {
			isa = PBXGroup;
			children = (
				70386DC524D9E6A4003F0768 /* Cells */,
			);
			path = Subviews;
			sourceTree = "<group>";
		};
		70386DC524D9E6A4003F0768 /* Cells */ = {
			isa = PBXGroup;
			children = (
				70386DC624D9E6A4003F0768 /* CategoryTableViewCell.swift */,
				70386DC724D9E6A4003F0768 /* CategoryTableViewCell.xib */,
			);
			path = Cells;
			sourceTree = "<group>";
		};
		70386DCC24D9E6A4003F0768 /* Home */ = {
			isa = PBXGroup;
			children = (
				70386DD624D9E6A4003F0768 /* HomeModule.swift */,
				70386DD324D9E6A4003F0768 /* HomeRouter.swift */,
				70386DCF24D9E6A4003F0768 /* HomeViewController.swift */,
				70386DCE24D9E6A4003F0768 /* HomeViewController.xib */,
				70386DCD24D9E6A4003F0768 /* HomeViewModel.swift */,
				70386DD024D9E6A4003F0768 /* Subviews */,
			);
			path = Home;
			sourceTree = "<group>";
		};
		70386DD024D9E6A4003F0768 /* Subviews */ = {
			isa = PBXGroup;
			children = (
				70386DD124D9E6A4003F0768 /* HomeTableViewCell.swift */,
				70386DD224D9E6A4003F0768 /* HomeTableViewCell.xib */,
			);
			path = Subviews;
			sourceTree = "<group>";
		};
		70386DE924D9E6EE003F0768 /* Services */ = {
			isa = PBXGroup;
			children = (
				70386DEA24D9E6EE003F0768 /* ApiServices.swift */,
			);
			path = Services;
			sourceTree = "<group>";
		};
		70386DEC24D9E717003F0768 /* Extensions */ = {
			isa = PBXGroup;
			children = (
				70386DED24D9E717003F0768 /* Extension+Bundle.swift */,
				70386DEE24D9E717003F0768 /* Extension+UIViewController.swift */,
				70386DEF24D9E717003F0768 /* Extension+UIApplication.swift */,
			);
			path = Extensions;
			sourceTree = "<group>";
		};
		70386DF324D9E724003F0768 /* AppRouter */ = {
			isa = PBXGroup;
			children = (
				70386DF424D9E724003F0768 /* BaseAppRouter.swift */,
				70386DF524D9E724003F0768 /* AppRoute.swift */,
				70386DF624D9E724003F0768 /* Module.swift */,
			);
			path = AppRouter;
			sourceTree = "<group>";
		};
		70386DFA24D9E787003F0768 /* Species */ = {
			isa = PBXGroup;
			children = (
				70386DFB24D9E787003F0768 /* SpeciesEntityResults.swift */,
			);
			path = Species;
			sourceTree = "<group>";
		};
		70386DFC24D9E787003F0768 /* Vehicle */ = {
			isa = PBXGroup;
			children = (
				70386DFD24D9E787003F0768 /* VehicleEntityResults.swift */,
			);
			path = Vehicle;
			sourceTree = "<group>";
		};
		70386DFF24D9E787003F0768 /* Starship */ = {
			isa = PBXGroup;
			children = (
				70386E0024D9E787003F0768 /* StarshipEntityResults.swift */,
			);
			path = Starship;
			sourceTree = "<group>";
		};
		70386E0224D9E787003F0768 /* Film */ = {
			isa = PBXGroup;
			children = (
				70386E0324D9E787003F0768 /* FilmEntityResults.swift */,
			);
			path = Film;
			sourceTree = "<group>";
		};
		70386E0424D9E787003F0768 /* People */ = {
			isa = PBXGroup;
			children = (
				70386E0524D9E787003F0768 /* PeopleEntityResults.swift */,
			);
			path = People;
			sourceTree = "<group>";
		};
		70386E0624D9E787003F0768 /* Planet */ = {
			isa = PBXGroup;
			children = (
				70386E0724D9E787003F0768 /* PlanetEntityResults.swift */,
			);
			path = Planet;
			sourceTree = "<group>";
		};
		70386E1024D9E7B8003F0768 /* Products */ = {
			isa = PBXGroup;
			children = (
				70386E1124D9E7B8003F0768 /* AllProduct.swift */,
			);
			path = Products;
			sourceTree = "<group>";
		};
		7A91F55BF6082F03D655E205 /* Pods */ = {
			isa = PBXGroup;
			children = (
				FFE5ECB43C1264B2D35950C5 /* Pods-StarWars.debug.xcconfig */,
				07631A5582372EBF6A00429E /* Pods-StarWars.release.xcconfig */,
				075E9CA3C266104EED5229AA /* Pods-StarWarsTests.debug.xcconfig */,
				07126E6ADF1ADFDD7F78E309 /* Pods-StarWarsTests.release.xcconfig */,
			);
			path = Pods;
			sourceTree = "<group>";
		};
/* End PBXGroup section */

/* Begin PBXNativeTarget section */
		6A8AAFF52343648C005A5C02 /* StarWars */ = {
			isa = PBXNativeTarget;
			buildConfigurationList = 6A8AB0132343648E005A5C02 /* Build configuration list for PBXNativeTarget "StarWars" */;
			buildPhases = (
				8A3D9BA42299847ECFE8B248 /* [CP] Check Pods Manifest.lock */,
				6A8AAFF22343648C005A5C02 /* Sources */,
				6A8AAFF32343648C005A5C02 /* Frameworks */,
				6A8AAFF42343648C005A5C02 /* Resources */,
				647098BAEBC33E90C7AFA845 /* [CP] Embed Pods Frameworks */,
			);
			buildRules = (
			);
			dependencies = (
			);
			name = StarWars;
			productName = StarWars;
			productReference = 6A8AAFF62343648C005A5C02 /* StarWars.app */;
			productType = "com.apple.product-type.application";
		};
		6A8AB0092343648E005A5C02 /* StarWarsTests */ = {
			isa = PBXNativeTarget;
			buildConfigurationList = 6A8AB0162343648E005A5C02 /* Build configuration list for PBXNativeTarget "StarWarsTests" */;
			buildPhases = (
				30683B98C8542D021E2D1C6F /* [CP] Check Pods Manifest.lock */,
				6A8AB0062343648E005A5C02 /* Sources */,
				6A8AB0072343648E005A5C02 /* Frameworks */,
				6A8AB0082343648E005A5C02 /* Resources */,
			);
			buildRules = (
			);
			dependencies = (
				6A8AB00C2343648E005A5C02 /* PBXTargetDependency */,
			);
			name = StarWarsTests;
			productName = StarWarsTests;
			productReference = 6A8AB00A2343648E005A5C02 /* StarWarsTests.xctest */;
			productType = "com.apple.product-type.bundle.unit-test";
		};
/* End PBXNativeTarget section */

/* Begin PBXProject section */
		6A8AAFEE2343648C005A5C02 /* Project object */ = {
			isa = PBXProject;
			attributes = {
				LastSwiftUpdateCheck = 1030;
				LastUpgradeCheck = 1030;
				ORGANIZATIONNAME = CoderLyn;
				TargetAttributes = {
					6A8AAFF52343648C005A5C02 = {
						CreatedOnToolsVersion = 10.3;
					};
					6A8AB0092343648E005A5C02 = {
						CreatedOnToolsVersion = 10.3;
						TestTargetID = 6A8AAFF52343648C005A5C02;
					};
				};
			};
			buildConfigurationList = 6A8AAFF12343648C005A5C02 /* Build configuration list for PBXProject "StarWars" */;
			compatibilityVersion = "Xcode 9.3";
			developmentRegion = en;
			hasScannedForEncodings = 0;
			knownRegions = (
				en,
				Base,
			);
			mainGroup = 6A8AAFED2343648C005A5C02;
			productRefGroup = 6A8AAFF72343648C005A5C02 /* Products */;
			projectDirPath = "";
			projectRoot = "";
			targets = (
				6A8AAFF52343648C005A5C02 /* StarWars */,
				6A8AB0092343648E005A5C02 /* StarWarsTests */,
			);
		};
/* End PBXProject section */

/* Begin PBXResourcesBuildPhase section */
		6A8AAFF42343648C005A5C02 /* Resources */ = {
			isa = PBXResourcesBuildPhase;
			buildActionMask = 2147483647;
			files = (
				70386DDF24D9E6A4003F0768 /* CategoryViewController.xib in Resources */,
				70386DDB24D9E6A4003F0768 /* CategoryTableViewCell.xib in Resources */,
				70386DE124D9E6A4003F0768 /* HomeViewController.xib in Resources */,
				6A8AB0042343648E005A5C02 /* LaunchScreen.storyboard in Resources */,
				70386DE424D9E6A4003F0768 /* HomeTableViewCell.xib in Resources */,
				6A8AB0012343648E005A5C02 /* Assets.xcassets in Resources */,
			);
			runOnlyForDeploymentPostprocessing = 0;
		};
		6A8AB0082343648E005A5C02 /* Resources */ = {
			isa = PBXResourcesBuildPhase;
			buildActionMask = 2147483647;
			files = (
			);
			runOnlyForDeploymentPostprocessing = 0;
		};
/* End PBXResourcesBuildPhase section */

/* Begin PBXShellScriptBuildPhase section */
		30683B98C8542D021E2D1C6F /* [CP] Check Pods Manifest.lock */ = {
			isa = PBXShellScriptBuildPhase;
			buildActionMask = 2147483647;
			files = (
			);
			inputFileListPaths = (
			);
			inputPaths = (
				"${PODS_PODFILE_DIR_PATH}/Podfile.lock",
				"${PODS_ROOT}/Manifest.lock",
			);
			name = "[CP] Check Pods Manifest.lock";
			outputFileListPaths = (
			);
			outputPaths = (
				"$(DERIVED_FILE_DIR)/Pods-StarWarsTests-checkManifestLockResult.txt",
			);
			runOnlyForDeploymentPostprocessing = 0;
			shellPath = /bin/sh;
			shellScript = "diff \"${PODS_PODFILE_DIR_PATH}/Podfile.lock\" \"${PODS_ROOT}/Manifest.lock\" > /dev/null\nif [ $? != 0 ] ; then\n    # print error to STDERR\n    echo \"error: The sandbox is not in sync with the Podfile.lock. Run 'pod install' or update your CocoaPods installation.\" >&2\n    exit 1\nfi\n# This output is used by Xcode 'outputs' to avoid re-running this script phase.\necho \"SUCCESS\" > \"${SCRIPT_OUTPUT_FILE_0}\"\n";
			showEnvVarsInLog = 0;
		};
		647098BAEBC33E90C7AFA845 /* [CP] Embed Pods Frameworks */ = {
			isa = PBXShellScriptBuildPhase;
			buildActionMask = 2147483647;
			files = (
			);
			inputFileListPaths = (
				"${PODS_ROOT}/Target Support Files/Pods-StarWars/Pods-StarWars-frameworks-${CONFIGURATION}-input-files.xcfilelist",
			);
			name = "[CP] Embed Pods Frameworks";
			outputFileListPaths = (
				"${PODS_ROOT}/Target Support Files/Pods-StarWars/Pods-StarWars-frameworks-${CONFIGURATION}-output-files.xcfilelist",
			);
			runOnlyForDeploymentPostprocessing = 0;
			shellPath = /bin/sh;
			shellScript = "\"${PODS_ROOT}/Target Support Files/Pods-StarWars/Pods-StarWars-frameworks.sh\"\n";
			showEnvVarsInLog = 0;
		};
		8A3D9BA42299847ECFE8B248 /* [CP] Check Pods Manifest.lock */ = {
			isa = PBXShellScriptBuildPhase;
			buildActionMask = 2147483647;
			files = (
			);
			inputFileListPaths = (
			);
			inputPaths = (
				"${PODS_PODFILE_DIR_PATH}/Podfile.lock",
				"${PODS_ROOT}/Manifest.lock",
			);
			name = "[CP] Check Pods Manifest.lock";
			outputFileListPaths = (
			);
			outputPaths = (
				"$(DERIVED_FILE_DIR)/Pods-StarWars-checkManifestLockResult.txt",
			);
			runOnlyForDeploymentPostprocessing = 0;
			shellPath = /bin/sh;
			shellScript = "diff \"${PODS_PODFILE_DIR_PATH}/Podfile.lock\" \"${PODS_ROOT}/Manifest.lock\" > /dev/null\nif [ $? != 0 ] ; then\n    # print error to STDERR\n    echo \"error: The sandbox is not in sync with the Podfile.lock. Run 'pod install' or update your CocoaPods installation.\" >&2\n    exit 1\nfi\n# This output is used by Xcode 'outputs' to avoid re-running this script phase.\necho \"SUCCESS\" > \"${SCRIPT_OUTPUT_FILE_0}\"\n";
			showEnvVarsInLog = 0;
		};
/* End PBXShellScriptBuildPhase section */

/* Begin PBXSourcesBuildPhase section */
		6A8AAFF22343648C005A5C02 /* Sources */ = {
			isa = PBXSourcesBuildPhase;
			buildActionMask = 2147483647;
			files = (
				70386E0924D9E787003F0768 /* VehicleEntityResults.swift in Sources */,
				70386E0F24D9E787003F0768 /* PlanetEntityResults.swift in Sources */,
				70386E0824D9E787003F0768 /* SpeciesEntityResults.swift in Sources */,
				70386E0D24D9E787003F0768 /* FilmEntityResults.swift in Sources */,
				70386E1224D9E7B8003F0768 /* AllProduct.swift in Sources */,
				70386E0E24D9E787003F0768 /* PeopleEntityResults.swift in Sources */,
				6A47D293234817B700277F99 /* APIResponses.swift in Sources */,
				70386DF024D9E717003F0768 /* Extension+Bundle.swift in Sources */,
				70386DE024D9E6A4003F0768 /* HomeViewModel.swift in Sources */,
				70386DE324D9E6A4003F0768 /* HomeTableViewCell.swift in Sources */,
				70386DF924D9E724003F0768 /* Module.swift in Sources */,
				70386DD724D9E6A4003F0768 /* CategoryManager.swift in Sources */,
				6A8AAFFA2343648C005A5C02 /* AppDelegate.swift in Sources */,
				70386E0B24D9E787003F0768 /* StarshipEntityResults.swift in Sources */,
				70386DEB24D9E6EE003F0768 /* ApiServices.swift in Sources */,
				70386E0A24D9E787003F0768 /* BaseEntity.swift in Sources */,
				70386DF124D9E717003F0768 /* Extension+UIViewController.swift in Sources */,
				70386DDC24D9E6A4003F0768 /* CategoryModule.swift in Sources */,
				70386DD824D9E6A4003F0768 /* CategoryModel.swift in Sources */,
				70386DDA24D9E6A4003F0768 /* CategoryTableViewCell.swift in Sources */,
				70386DF724D9E724003F0768 /* BaseAppRouter.swift in Sources */,
				70386DD924D9E6A4003F0768 /* CategoryViewModel.swift in Sources */,
				70386DE524D9E6A4003F0768 /* HomeRouter.swift in Sources */,
				70386DDD24D9E6A4003F0768 /* CategoryViewController.swift in Sources */,
				70386DE824D9E6A4003F0768 /* HomeModule.swift in Sources */,
				70386DDE24D9E6A4003F0768 /* CategoryRouter.swift in Sources */,
				70386DF824D9E724003F0768 /* AppRoute.swift in Sources */,
				70386DF224D9E717003F0768 /* Extension+UIApplication.swift in Sources */,
				70386DE224D9E6A4003F0768 /* HomeViewController.swift in Sources */,
				70386E0C24D9E787003F0768 /* Category.swift in Sources */,
			);
			runOnlyForDeploymentPostprocessing = 0;
		};
		6A8AB0062343648E005A5C02 /* Sources */ = {
			isa = PBXSourcesBuildPhase;
			buildActionMask = 2147483647;
			files = (
				6A8AB00F2343648E005A5C02 /* StarWarsTests.swift in Sources */,
			);
			runOnlyForDeploymentPostprocessing = 0;
		};
/* End PBXSourcesBuildPhase section */

/* Begin PBXTargetDependency section */
		6A8AB00C2343648E005A5C02 /* PBXTargetDependency */ = {
			isa = PBXTargetDependency;
			target = 6A8AAFF52343648C005A5C02 /* StarWars */;
			targetProxy = 6A8AB00B2343648E005A5C02 /* PBXContainerItemProxy */;
		};
/* End PBXTargetDependency section */

/* Begin PBXVariantGroup section */
		6A8AB0022343648E005A5C02 /* LaunchScreen.storyboard */ = {
			isa = PBXVariantGroup;
			children = (
				6A8AB0032343648E005A5C02 /* Base */,
			);
			name = LaunchScreen.storyboard;
			sourceTree = "<group>";
		};
/* End PBXVariantGroup section */

/* Begin XCBuildConfiguration section */
		6A8AB0112343648E005A5C02 /* Debug */ = {
			isa = XCBuildConfiguration;
			buildSettings = {
				ALWAYS_SEARCH_USER_PATHS = NO;
				CLANG_ANALYZER_NONNULL = YES;
				CLANG_ANALYZER_NUMBER_OBJECT_CONVERSION = YES_AGGRESSIVE;
				CLANG_CXX_LANGUAGE_STANDARD = "gnu++14";
				CLANG_CXX_LIBRARY = "libc++";
				CLANG_ENABLE_MODULES = YES;
				CLANG_ENABLE_OBJC_ARC = YES;
				CLANG_ENABLE_OBJC_WEAK = YES;
				CLANG_WARN_BLOCK_CAPTURE_AUTORELEASING = YES;
				CLANG_WARN_BOOL_CONVERSION = YES;
				CLANG_WARN_COMMA = YES;
				CLANG_WARN_CONSTANT_CONVERSION = YES;
				CLANG_WARN_DEPRECATED_OBJC_IMPLEMENTATIONS = YES;
				CLANG_WARN_DIRECT_OBJC_ISA_USAGE = YES_ERROR;
				CLANG_WARN_DOCUMENTATION_COMMENTS = YES;
				CLANG_WARN_EMPTY_BODY = YES;
				CLANG_WARN_ENUM_CONVERSION = YES;
				CLANG_WARN_INFINITE_RECURSION = YES;
				CLANG_WARN_INT_CONVERSION = YES;
				CLANG_WARN_NON_LITERAL_NULL_CONVERSION = YES;
				CLANG_WARN_OBJC_IMPLICIT_RETAIN_SELF = YES;
				CLANG_WARN_OBJC_LITERAL_CONVERSION = YES;
				CLANG_WARN_OBJC_ROOT_CLASS = YES_ERROR;
				CLANG_WARN_RANGE_LOOP_ANALYSIS = YES;
				CLANG_WARN_STRICT_PROTOTYPES = YES;
				CLANG_WARN_SUSPICIOUS_MOVE = YES;
				CLANG_WARN_UNGUARDED_AVAILABILITY = YES_AGGRESSIVE;
				CLANG_WARN_UNREACHABLE_CODE = YES;
				CLANG_WARN__DUPLICATE_METHOD_MATCH = YES;
				CODE_SIGN_IDENTITY = "iPhone Developer";
				COPY_PHASE_STRIP = NO;
				DEBUG_INFORMATION_FORMAT = dwarf;
				ENABLE_STRICT_OBJC_MSGSEND = YES;
				ENABLE_TESTABILITY = YES;
				GCC_C_LANGUAGE_STANDARD = gnu11;
				GCC_DYNAMIC_NO_PIC = NO;
				GCC_NO_COMMON_BLOCKS = YES;
				GCC_OPTIMIZATION_LEVEL = 0;
				GCC_PREPROCESSOR_DEFINITIONS = (
					"DEBUG=1",
					"$(inherited)",
				);
				GCC_WARN_64_TO_32_BIT_CONVERSION = YES;
				GCC_WARN_ABOUT_RETURN_TYPE = YES_ERROR;
				GCC_WARN_UNDECLARED_SELECTOR = YES;
				GCC_WARN_UNINITIALIZED_AUTOS = YES_AGGRESSIVE;
				GCC_WARN_UNUSED_FUNCTION = YES;
				GCC_WARN_UNUSED_VARIABLE = YES;
				IPHONEOS_DEPLOYMENT_TARGET = 12.4;
				MTL_ENABLE_DEBUG_INFO = INCLUDE_SOURCE;
				MTL_FAST_MATH = YES;
				ONLY_ACTIVE_ARCH = YES;
				SDKROOT = iphoneos;
				SWIFT_ACTIVE_COMPILATION_CONDITIONS = DEBUG;
				SWIFT_OPTIMIZATION_LEVEL = "-Onone";
			};
			name = Debug;
		};
		6A8AB0122343648E005A5C02 /* Release */ = {
			isa = XCBuildConfiguration;
			buildSettings = {
				ALWAYS_SEARCH_USER_PATHS = NO;
				CLANG_ANALYZER_NONNULL = YES;
				CLANG_ANALYZER_NUMBER_OBJECT_CONVERSION = YES_AGGRESSIVE;
				CLANG_CXX_LANGUAGE_STANDARD = "gnu++14";
				CLANG_CXX_LIBRARY = "libc++";
				CLANG_ENABLE_MODULES = YES;
				CLANG_ENABLE_OBJC_ARC = YES;
				CLANG_ENABLE_OBJC_WEAK = YES;
				CLANG_WARN_BLOCK_CAPTURE_AUTORELEASING = YES;
				CLANG_WARN_BOOL_CONVERSION = YES;
				CLANG_WARN_COMMA = YES;
				CLANG_WARN_CONSTANT_CONVERSION = YES;
				CLANG_WARN_DEPRECATED_OBJC_IMPLEMENTATIONS = YES;
				CLANG_WARN_DIRECT_OBJC_ISA_USAGE = YES_ERROR;
				CLANG_WARN_DOCUMENTATION_COMMENTS = YES;
				CLANG_WARN_EMPTY_BODY = YES;
				CLANG_WARN_ENUM_CONVERSION = YES;
				CLANG_WARN_INFINITE_RECURSION = YES;
				CLANG_WARN_INT_CONVERSION = YES;
				CLANG_WARN_NON_LITERAL_NULL_CONVERSION = YES;
				CLANG_WARN_OBJC_IMPLICIT_RETAIN_SELF = YES;
				CLANG_WARN_OBJC_LITERAL_CONVERSION = YES;
				CLANG_WARN_OBJC_ROOT_CLASS = YES_ERROR;
				CLANG_WARN_RANGE_LOOP_ANALYSIS = YES;
				CLANG_WARN_STRICT_PROTOTYPES = YES;
				CLANG_WARN_SUSPICIOUS_MOVE = YES;
				CLANG_WARN_UNGUARDED_AVAILABILITY = YES_AGGRESSIVE;
				CLANG_WARN_UNREACHABLE_CODE = YES;
				CLANG_WARN__DUPLICATE_METHOD_MATCH = YES;
				CODE_SIGN_IDENTITY = "iPhone Developer";
				COPY_PHASE_STRIP = NO;
				DEBUG_INFORMATION_FORMAT = "dwarf-with-dsym";
				ENABLE_NS_ASSERTIONS = NO;
				ENABLE_STRICT_OBJC_MSGSEND = YES;
				GCC_C_LANGUAGE_STANDARD = gnu11;
				GCC_NO_COMMON_BLOCKS = YES;
				GCC_WARN_64_TO_32_BIT_CONVERSION = YES;
				GCC_WARN_ABOUT_RETURN_TYPE = YES_ERROR;
				GCC_WARN_UNDECLARED_SELECTOR = YES;
				GCC_WARN_UNINITIALIZED_AUTOS = YES_AGGRESSIVE;
				GCC_WARN_UNUSED_FUNCTION = YES;
				GCC_WARN_UNUSED_VARIABLE = YES;
				IPHONEOS_DEPLOYMENT_TARGET = 12.4;
				MTL_ENABLE_DEBUG_INFO = NO;
				MTL_FAST_MATH = YES;
				SDKROOT = iphoneos;
				SWIFT_COMPILATION_MODE = wholemodule;
				SWIFT_OPTIMIZATION_LEVEL = "-O";
				VALIDATE_PRODUCT = YES;
			};
			name = Release;
		};
		6A8AB0142343648E005A5C02 /* Debug */ = {
			isa = XCBuildConfiguration;
			baseConfigurationReference = FFE5ECB43C1264B2D35950C5 /* Pods-StarWars.debug.xcconfig */;
			buildSettings = {
				ASSETCATALOG_COMPILER_APPICON_NAME = AppIcon;
				CODE_SIGN_STYLE = Automatic;
				INFOPLIST_FILE = StarWars/Info.plist;
				LD_RUNPATH_SEARCH_PATHS = (
					"$(inherited)",
					"@executable_path/Frameworks",
				);
				PRODUCT_BUNDLE_IDENTIFIER = com.coderlyn.StarWars;
				PRODUCT_NAME = "$(TARGET_NAME)";
				SWIFT_VERSION = 5.0;
				TARGETED_DEVICE_FAMILY = "1,2";
			};
			name = Debug;
		};
		6A8AB0152343648E005A5C02 /* Release */ = {
			isa = XCBuildConfiguration;
			baseConfigurationReference = 07631A5582372EBF6A00429E /* Pods-StarWars.release.xcconfig */;
			buildSettings = {
				ASSETCATALOG_COMPILER_APPICON_NAME = AppIcon;
				CODE_SIGN_STYLE = Automatic;
				INFOPLIST_FILE = StarWars/Info.plist;
				LD_RUNPATH_SEARCH_PATHS = (
					"$(inherited)",
					"@executable_path/Frameworks",
				);
				PRODUCT_BUNDLE_IDENTIFIER = com.coderlyn.StarWars;
				PRODUCT_NAME = "$(TARGET_NAME)";
				SWIFT_VERSION = 5.0;
				TARGETED_DEVICE_FAMILY = "1,2";
			};
			name = Release;
		};
		6A8AB0172343648E005A5C02 /* Debug */ = {
			isa = XCBuildConfiguration;
			baseConfigurationReference = 075E9CA3C266104EED5229AA /* Pods-StarWarsTests.debug.xcconfig */;
			buildSettings = {
				ALWAYS_EMBED_SWIFT_STANDARD_LIBRARIES = YES;
				BUNDLE_LOADER = "$(TEST_HOST)";
				CODE_SIGN_STYLE = Automatic;
				INFOPLIST_FILE = StarWarsTests/Info.plist;
				LD_RUNPATH_SEARCH_PATHS = (
					"$(inherited)",
					"@executable_path/Frameworks",
					"@loader_path/Frameworks",
				);
				PRODUCT_BUNDLE_IDENTIFIER = com.coderlyn.StarWarsTests;
				PRODUCT_NAME = "$(TARGET_NAME)";
				SWIFT_VERSION = 5.0;
				TARGETED_DEVICE_FAMILY = "1,2";
				TEST_HOST = "$(BUILT_PRODUCTS_DIR)/StarWars.app/StarWars";
			};
			name = Debug;
		};
		6A8AB0182343648E005A5C02 /* Release */ = {
			isa = XCBuildConfiguration;
			baseConfigurationReference = 07126E6ADF1ADFDD7F78E309 /* Pods-StarWarsTests.release.xcconfig */;
			buildSettings = {
				ALWAYS_EMBED_SWIFT_STANDARD_LIBRARIES = YES;
				BUNDLE_LOADER = "$(TEST_HOST)";
				CODE_SIGN_STYLE = Automatic;
				INFOPLIST_FILE = StarWarsTests/Info.plist;
				LD_RUNPATH_SEARCH_PATHS = (
					"$(inherited)",
					"@executable_path/Frameworks",
					"@loader_path/Frameworks",
				);
				PRODUCT_BUNDLE_IDENTIFIER = com.coderlyn.StarWarsTests;
				PRODUCT_NAME = "$(TARGET_NAME)";
				SWIFT_VERSION = 5.0;
				TARGETED_DEVICE_FAMILY = "1,2";
				TEST_HOST = "$(BUILT_PRODUCTS_DIR)/StarWars.app/StarWars";
			};
			name = Release;
		};
/* End XCBuildConfiguration section */

/* Begin XCConfigurationList section */
		6A8AAFF12343648C005A5C02 /* Build configuration list for PBXProject "StarWars" */ = {
			isa = XCConfigurationList;
			buildConfigurations = (
				6A8AB0112343648E005A5C02 /* Debug */,
				6A8AB0122343648E005A5C02 /* Release */,
			);
			defaultConfigurationIsVisible = 0;
			defaultConfigurationName = Release;
		};
		6A8AB0132343648E005A5C02 /* Build configuration list for PBXNativeTarget "StarWars" */ = {
			isa = XCConfigurationList;
			buildConfigurations = (
				6A8AB0142343648E005A5C02 /* Debug */,
				6A8AB0152343648E005A5C02 /* Release */,
			);
			defaultConfigurationIsVisible = 0;
			defaultConfigurationName = Release;
		};
		6A8AB0162343648E005A5C02 /* Build configuration list for PBXNativeTarget "StarWarsTests" */ = {
			isa = XCConfigurationList;
			buildConfigurations = (
				6A8AB0172343648E005A5C02 /* Debug */,
				6A8AB0182343648E005A5C02 /* Release */,
			);
			defaultConfigurationIsVisible = 0;
			defaultConfigurationName = Release;
		};
/* End XCConfigurationList section */
	};
	rootObject = 6A8AAFEE2343648C005A5C02 /* Project object */;
}
